PODS:
  - FISWebViewPreloader (0.1)

DEPENDENCIES:
  - FISWebViewPreloader (from `https://github.com/jameslin101/FISWebViewPreloader.git`)

EXTERNAL SOURCES:
  FISWebViewPreloader:
    :git: https://github.com/jameslin101/FISWebViewPreloader.git

SPEC CHECKSUMS:
  FISWebViewPreloader: f1b90e3fa8cb60b24a3c9f4d6740a6b01d452697

COCOAPODS: 0.26.2
