PODS:
  - FISWebViewPreloader (0.1)

DEPENDENCIES:
  - FISWebViewPreloader (from `https://github.com/jameslin101/FISWebViewPreloader.git`)

EXTERNAL SOURCES:
  FISWebViewPreloader:
    :git: https://github.com/jameslin101/FISWebViewPreloader.git

SPEC CHECKSUMS:
  FISWebViewPreloader: dceb9ab75afccce25a33d415ccccc3ac23e2bf95

COCOAPODS: 0.26.2
