// !$*UTF8*$!
{
	archiveVersion = 1;
	classes = {
	};
	objectVersion = 46;
	objects = {

/* Begin PBXBuildFile section */
		F16F95751833DC2D002CA229 /* Foundation.framework in Frameworks */ = {isa = PBXBuildFile; fileRef = F16F95741833DC2D002CA229 /* Foundation.framework */; };
		F16F95771833DC2D002CA229 /* CoreGraphics.framework in Frameworks */ = {isa = PBXBuildFile; fileRef = F16F95761833DC2D002CA229 /* CoreGraphics.framework */; };
		F16F95791833DC2D002CA229 /* UIKit.framework in Frameworks */ = {isa = PBXBuildFile; fileRef = F16F95781833DC2D002CA229 /* UIKit.framework */; };
		F16F957F1833DC2D002CA229 /* InfoPlist.strings in Resources */ = {isa = PBXBuildFile; fileRef = F16F957D1833DC2D002CA229 /* InfoPlist.strings */; };
		F16F95811833DC2D002CA229 /* main.m in Sources */ = {isa = PBXBuildFile; fileRef = F16F95801833DC2D002CA229 /* main.m */; };
		F16F95851833DC2D002CA229 /* AppDelegate.m in Sources */ = {isa = PBXBuildFile; fileRef = F16F95841833DC2D002CA229 /* AppDelegate.m */; };
		F16F95871833DC2D002CA229 /* Images.xcassets in Resources */ = {isa = PBXBuildFile; fileRef = F16F95861833DC2D002CA229 /* Images.xcassets */; };
		F16F958E1833DC2D002CA229 /* XCTest.framework in Frameworks */ = {isa = PBXBuildFile; fileRef = F16F958D1833DC2D002CA229 /* XCTest.framework */; };
		F16F958F1833DC2D002CA229 /* Foundation.framework in Frameworks */ = {isa = PBXBuildFile; fileRef = F16F95741833DC2D002CA229 /* Foundation.framework */; };
		F16F95901833DC2D002CA229 /* UIKit.framework in Frameworks */ = {isa = PBXBuildFile; fileRef = F16F95781833DC2D002CA229 /* UIKit.framework */; };
		F16F95981833DC2D002CA229 /* InfoPlist.strings in Resources */ = {isa = PBXBuildFile; fileRef = F16F95961833DC2D002CA229 /* InfoPlist.strings */; };
		F16F959A1833DC2D002CA229 /* WebViewPreloaderTests.m in Sources */ = {isa = PBXBuildFile; fileRef = F16F95991833DC2D002CA229 /* WebViewPreloaderTests.m */; };
		F16F95A51833DE7F002CA229 /* WebViewPreloader.m in Sources */ = {isa = PBXBuildFile; fileRef = F16F95A41833DE7F002CA229 /* WebViewPreloader.m */; };
		F16F95A91833E5BE002CA229 /* PresentingViewController.m in Sources */ = {isa = PBXBuildFile; fileRef = F16F95A71833E5BE002CA229 /* PresentingViewController.m */; };
		F16F95AA1833E5BE002CA229 /* PresentingViewController.xib in Resources */ = {isa = PBXBuildFile; fileRef = F16F95A81833E5BE002CA229 /* PresentingViewController.xib */; };
		F16F95AE1833E5C7002CA229 /* DetailsViewController.m in Sources */ = {isa = PBXBuildFile; fileRef = F16F95AC1833E5C7002CA229 /* DetailsViewController.m */; };
		F16F95AF1833E5C7002CA229 /* DetailsViewController.xib in Resources */ = {isa = PBXBuildFile; fileRef = F16F95AD1833E5C7002CA229 /* DetailsViewController.xib */; };
/* End PBXBuildFile section */

/* Begin PBXContainerItemProxy section */
		F16F95911833DC2D002CA229 /* PBXContainerItemProxy */ = {
			isa = PBXContainerItemProxy;
			containerPortal = F16F95691833DC2D002CA229 /* Project object */;
			proxyType = 1;
			remoteGlobalIDString = F16F95701833DC2D002CA229;
			remoteInfo = WebViewPreloader;
		};
/* End PBXContainerItemProxy section */

/* Begin PBXFileReference section */
		F16F95711833DC2D002CA229 /* WebViewPreloader.app */ = {isa = PBXFileReference; explicitFileType = wrapper.application; includeInIndex = 0; path = WebViewPreloader.app; sourceTree = BUILT_PRODUCTS_DIR; };
		F16F95741833DC2D002CA229 /* Foundation.framework */ = {isa = PBXFileReference; lastKnownFileType = wrapper.framework; name = Foundation.framework; path = System/Library/Frameworks/Foundation.framework; sourceTree = SDKROOT; };
		F16F95761833DC2D002CA229 /* CoreGraphics.framework */ = {isa = PBXFileReference; lastKnownFileType = wrapper.framework; name = CoreGraphics.framework; path = System/Library/Frameworks/CoreGraphics.framework; sourceTree = SDKROOT; };
		F16F95781833DC2D002CA229 /* UIKit.framework */ = {isa = PBXFileReference; lastKnownFileType = wrapper.framework; name = UIKit.framework; path = System/Library/Frameworks/UIKit.framework; sourceTree = SDKROOT; };
		F16F957C1833DC2D002CA229 /* WebViewPreloader-Info.plist */ = {isa = PBXFileReference; lastKnownFileType = text.plist.xml; path = "WebViewPreloader-Info.plist"; sourceTree = "<group>"; };
		F16F957E1833DC2D002CA229 /* en */ = {isa = PBXFileReference; lastKnownFileType = text.plist.strings; name = en; path = en.lproj/InfoPlist.strings; sourceTree = "<group>"; };
		F16F95801833DC2D002CA229 /* main.m */ = {isa = PBXFileReference; lastKnownFileType = sourcecode.c.objc; path = main.m; sourceTree = "<group>"; };
		F16F95821833DC2D002CA229 /* WebViewPreloader-Prefix.pch */ = {isa = PBXFileReference; lastKnownFileType = sourcecode.c.h; path = "WebViewPreloader-Prefix.pch"; sourceTree = "<group>"; };
		F16F95831833DC2D002CA229 /* AppDelegate.h */ = {isa = PBXFileReference; lastKnownFileType = sourcecode.c.h; path = AppDelegate.h; sourceTree = "<group>"; };
		F16F95841833DC2D002CA229 /* AppDelegate.m */ = {isa = PBXFileReference; lastKnownFileType = sourcecode.c.objc; path = AppDelegate.m; sourceTree = "<group>"; };
		F16F95861833DC2D002CA229 /* Images.xcassets */ = {isa = PBXFileReference; lastKnownFileType = folder.assetcatalog; path = Images.xcassets; sourceTree = "<group>"; };
		F16F958C1833DC2D002CA229 /* WebViewPreloaderTests.xctest */ = {isa = PBXFileReference; explicitFileType = wrapper.cfbundle; includeInIndex = 0; path = WebViewPreloaderTests.xctest; sourceTree = BUILT_PRODUCTS_DIR; };
		F16F958D1833DC2D002CA229 /* XCTest.framework */ = {isa = PBXFileReference; lastKnownFileType = wrapper.framework; name = XCTest.framework; path = Library/Frameworks/XCTest.framework; sourceTree = DEVELOPER_DIR; };
		F16F95951833DC2D002CA229 /* WebViewPreloaderTests-Info.plist */ = {isa = PBXFileReference; lastKnownFileType = text.plist.xml; path = "WebViewPreloaderTests-Info.plist"; sourceTree = "<group>"; };
		F16F95971833DC2D002CA229 /* en */ = {isa = PBXFileReference; lastKnownFileType = text.plist.strings; name = en; path = en.lproj/InfoPlist.strings; sourceTree = "<group>"; };
		F16F95991833DC2D002CA229 /* WebViewPreloaderTests.m */ = {isa = PBXFileReference; lastKnownFileType = sourcecode.c.objc; path = WebViewPreloaderTests.m; sourceTree = "<group>"; };
		F16F95A31833DE7F002CA229 /* WebViewPreloader.h */ = {isa = PBXFileReference; fileEncoding = 4; lastKnownFileType = sourcecode.c.h; path = WebViewPreloader.h; sourceTree = "<group>"; };
		F16F95A41833DE7F002CA229 /* WebViewPreloader.m */ = {isa = PBXFileReference; fileEncoding = 4; lastKnownFileType = sourcecode.c.objc; path = WebViewPreloader.m; sourceTree = "<group>"; };
		F16F95A61833E5BE002CA229 /* PresentingViewController.h */ = {isa = PBXFileReference; fileEncoding = 4; lastKnownFileType = sourcecode.c.h; path = PresentingViewController.h; sourceTree = "<group>"; };
		F16F95A71833E5BE002CA229 /* PresentingViewController.m */ = {isa = PBXFileReference; fileEncoding = 4; lastKnownFileType = sourcecode.c.objc; path = PresentingViewController.m; sourceTree = "<group>"; };
		F16F95A81833E5BE002CA229 /* PresentingViewController.xib */ = {isa = PBXFileReference; fileEncoding = 4; lastKnownFileType = file.xib; path = PresentingViewController.xib; sourceTree = "<group>"; };
		F16F95AB1833E5C7002CA229 /* DetailsViewController.h */ = {isa = PBXFileReference; fileEncoding = 4; lastKnownFileType = sourcecode.c.h; path = DetailsViewController.h; sourceTree = "<group>"; };
		F16F95AC1833E5C7002CA229 /* DetailsViewController.m */ = {isa = PBXFileReference; fileEncoding = 4; lastKnownFileType = sourcecode.c.objc; path = DetailsViewController.m; sourceTree = "<group>"; };
		F16F95AD1833E5C7002CA229 /* DetailsViewController.xib */ = {isa = PBXFileReference; fileEncoding = 4; lastKnownFileType = file.xib; path = DetailsViewController.xib; sourceTree = "<group>"; };
/* End PBXFileReference section */

/* Begin PBXFrameworksBuildPhase section */
		F16F956E1833DC2D002CA229 /* Frameworks */ = {
			isa = PBXFrameworksBuildPhase;
			buildActionMask = 2147483647;
			files = (
				F16F95771833DC2D002CA229 /* CoreGraphics.framework in Frameworks */,
				F16F95791833DC2D002CA229 /* UIKit.framework in Frameworks */,
				F16F95751833DC2D002CA229 /* Foundation.framework in Frameworks */,
			);
			runOnlyForDeploymentPostprocessing = 0;
		};
		F16F95891833DC2D002CA229 /* Frameworks */ = {
			isa = PBXFrameworksBuildPhase;
			buildActionMask = 2147483647;
			files = (
				F16F958E1833DC2D002CA229 /* XCTest.framework in Frameworks */,
				F16F95901833DC2D002CA229 /* UIKit.framework in Frameworks */,
				F16F958F1833DC2D002CA229 /* Foundation.framework in Frameworks */,
			);
			runOnlyForDeploymentPostprocessing = 0;
		};
/* End PBXFrameworksBuildPhase section */

/* Begin PBXGroup section */
		F16F95681833DC2D002CA229 = {
			isa = PBXGroup;
			children = (
				F16F957A1833DC2D002CA229 /* WebViewPreloader */,
				F16F95931833DC2D002CA229 /* WebViewPreloaderTests */,
				F16F95731833DC2D002CA229 /* Frameworks */,
				F16F95721833DC2D002CA229 /* Products */,
			);
			sourceTree = "<group>";
		};
		F16F95721833DC2D002CA229 /* Products */ = {
			isa = PBXGroup;
			children = (
				F16F95711833DC2D002CA229 /* WebViewPreloader.app */,
				F16F958C1833DC2D002CA229 /* WebViewPreloaderTests.xctest */,
			);
			name = Products;
			sourceTree = "<group>";
		};
		F16F95731833DC2D002CA229 /* Frameworks */ = {
			isa = PBXGroup;
			children = (
				F16F95741833DC2D002CA229 /* Foundation.framework */,
				F16F95761833DC2D002CA229 /* CoreGraphics.framework */,
				F16F95781833DC2D002CA229 /* UIKit.framework */,
				F16F958D1833DC2D002CA229 /* XCTest.framework */,
			);
			name = Frameworks;
			sourceTree = "<group>";
		};
		F16F957A1833DC2D002CA229 /* WebViewPreloader */ = {
			isa = PBXGroup;
			children = (
				F16F95831833DC2D002CA229 /* AppDelegate.h */,
				F16F95841833DC2D002CA229 /* AppDelegate.m */,
				F16F95A61833E5BE002CA229 /* PresentingViewController.h */,
				F16F95A71833E5BE002CA229 /* PresentingViewController.m */,
				F16F95A81833E5BE002CA229 /* PresentingViewController.xib */,
				F16F95AB1833E5C7002CA229 /* DetailsViewController.h */,
				F16F95AC1833E5C7002CA229 /* DetailsViewController.m */,
				F16F95AD1833E5C7002CA229 /* DetailsViewController.xib */,
				F16F95A31833DE7F002CA229 /* WebViewPreloader.h */,
				F16F95A41833DE7F002CA229 /* WebViewPreloader.m */,
				F16F95861833DC2D002CA229 /* Images.xcassets */,
				F16F957B1833DC2D002CA229 /* Supporting Files */,
			);
			name = WebViewPreloader;
			path = WebViewPreloader;
			sourceTree = "<group>";
		};
		F16F957B1833DC2D002CA229 /* Supporting Files */ = {
			isa = PBXGroup;
			children = (
				F16F957C1833DC2D002CA229 /* WebViewPreloader-Info.plist */,
				F16F957D1833DC2D002CA229 /* InfoPlist.strings */,
				F16F95801833DC2D002CA229 /* main.m */,
				F16F95821833DC2D002CA229 /* WebViewPreloader-Prefix.pch */,
			);
			name = "Supporting Files";
			sourceTree = "<group>";
		};
		F16F95931833DC2D002CA229 /* WebViewPreloaderTests */ = {
			isa = PBXGroup;
			children = (
				F16F95991833DC2D002CA229 /* WebViewPreloaderTests.m */,
				F16F95941833DC2D002CA229 /* Supporting Files */,
			);
			name = WebViewPreloaderTests;
			path = WebViewPreloaderTests;
			sourceTree = "<group>";
		};
		F16F95941833DC2D002CA229 /* Supporting Files */ = {
			isa = PBXGroup;
			children = (
				F16F95951833DC2D002CA229 /* WebViewPreloaderTests-Info.plist */,
				F16F95961833DC2D002CA229 /* InfoPlist.strings */,
			);
			name = "Supporting Files";
			sourceTree = "<group>";
		};
/* End PBXGroup section */

/* Begin PBXNativeTarget section */
		F16F95701833DC2D002CA229 /* WebViewPreloader */ = {
			isa = PBXNativeTarget;
			buildConfigurationList = F16F959D1833DC2D002CA229 /* Build configuration list for PBXNativeTarget "WebViewPreloader" */;
			buildPhases = (
				F16F956D1833DC2D002CA229 /* Sources */,
				F16F956E1833DC2D002CA229 /* Frameworks */,
				F16F956F1833DC2D002CA229 /* Resources */,
			);
			buildRules = (
			);
			dependencies = (
			);
			name = WebViewPreloader;
			productName = WebViewPreloader;
			productReference = F16F95711833DC2D002CA229 /* WebViewPreloader.app */;
			productType = "com.apple.product-type.application";
		};
		F16F958B1833DC2D002CA229 /* WebViewPreloaderTests */ = {
			isa = PBXNativeTarget;
			buildConfigurationList = F16F95A01833DC2D002CA229 /* Build configuration list for PBXNativeTarget "WebViewPreloaderTests" */;
			buildPhases = (
				F16F95881833DC2D002CA229 /* Sources */,
				F16F95891833DC2D002CA229 /* Frameworks */,
				F16F958A1833DC2D002CA229 /* Resources */,
			);
			buildRules = (
			);
			dependencies = (
				F16F95921833DC2D002CA229 /* PBXTargetDependency */,
			);
			name = WebViewPreloaderTests;
			productName = WebViewPreloaderTests;
			productReference = F16F958C1833DC2D002CA229 /* WebViewPreloaderTests.xctest */;
			productType = "com.apple.product-type.bundle.unit-test";
		};
/* End PBXNativeTarget section */

/* Begin PBXProject section */
		F16F95691833DC2D002CA229 /* Project object */ = {
			isa = PBXProject;
			attributes = {
				LastUpgradeCheck = 0500;
				ORGANIZATIONNAME = "James Lin & Basar Akyelli";
				TargetAttributes = {
					F16F958B1833DC2D002CA229 = {
						TestTargetID = F16F95701833DC2D002CA229;
					};
				};
			};
			buildConfigurationList = F16F956C1833DC2D002CA229 /* Build configuration list for PBXProject "WebViewPreloader" */;
			compatibilityVersion = "Xcode 3.2";
			developmentRegion = English;
			hasScannedForEncodings = 0;
			knownRegions = (
				en,
			);
			mainGroup = F16F95681833DC2D002CA229;
			productRefGroup = F16F95721833DC2D002CA229 /* Products */;
			projectDirPath = "";
			projectRoot = "";
			targets = (
				F16F95701833DC2D002CA229 /* WebViewPreloader */,
				F16F958B1833DC2D002CA229 /* WebViewPreloaderTests */,
			);
		};
/* End PBXProject section */

/* Begin PBXResourcesBuildPhase section */
		F16F956F1833DC2D002CA229 /* Resources */ = {
			isa = PBXResourcesBuildPhase;
			buildActionMask = 2147483647;
			files = (
				F16F957F1833DC2D002CA229 /* InfoPlist.strings in Resources */,
				F16F95871833DC2D002CA229 /* Images.xcassets in Resources */,
				F16F95AA1833E5BE002CA229 /* PresentingViewController.xib in Resources */,
				F16F95AF1833E5C7002CA229 /* DetailsViewController.xib in Resources */,
			);
			runOnlyForDeploymentPostprocessing = 0;
		};
		F16F958A1833DC2D002CA229 /* Resources */ = {
			isa = PBXResourcesBuildPhase;
			buildActionMask = 2147483647;
			files = (
				F16F95981833DC2D002CA229 /* InfoPlist.strings in Resources */,
			);
			runOnlyForDeploymentPostprocessing = 0;
		};
/* End PBXResourcesBuildPhase section */

/* Begin PBXSourcesBuildPhase section */
		F16F956D1833DC2D002CA229 /* Sources */ = {
			isa = PBXSourcesBuildPhase;
			buildActionMask = 2147483647;
			files = (
				F16F95851833DC2D002CA229 /* AppDelegate.m in Sources */,
				F16F95AE1833E5C7002CA229 /* DetailsViewController.m in Sources */,
				F16F95A51833DE7F002CA229 /* WebViewPreloader.m in Sources */,
				F16F95811833DC2D002CA229 /* main.m in Sources */,
				F16F95A91833E5BE002CA229 /* PresentingViewController.m in Sources */,
			);
			runOnlyForDeploymentPostprocessing = 0;
		};
		F16F95881833DC2D002CA229 /* Sources */ = {
			isa = PBXSourcesBuildPhase;
			buildActionMask = 2147483647;
			files = (
				F16F959A1833DC2D002CA229 /* WebViewPreloaderTests.m in Sources */,
			);
			runOnlyForDeploymentPostprocessing = 0;
		};
/* End PBXSourcesBuildPhase section */

/* Begin PBXTargetDependency section */
		F16F95921833DC2D002CA229 /* PBXTargetDependency */ = {
			isa = PBXTargetDependency;
			target = F16F95701833DC2D002CA229 /* WebViewPreloader */;
			targetProxy = F16F95911833DC2D002CA229 /* PBXContainerItemProxy */;
		};
/* End PBXTargetDependency section */

/* Begin PBXVariantGroup section */
		F16F957D1833DC2D002CA229 /* InfoPlist.strings */ = {
			isa = PBXVariantGroup;
			children = (
				F16F957E1833DC2D002CA229 /* en */,
			);
			name = InfoPlist.strings;
			sourceTree = "<group>";
		};
		F16F95961833DC2D002CA229 /* InfoPlist.strings */ = {
			isa = PBXVariantGroup;
			children = (
				F16F95971833DC2D002CA229 /* en */,
			);
			name = InfoPlist.strings;
			sourceTree = "<group>";
		};
/* End PBXVariantGroup section */

/* Begin XCBuildConfiguration section */
		F16F959B1833DC2D002CA229 /* Debug */ = {
			isa = XCBuildConfiguration;
			buildSettings = {
				ALWAYS_SEARCH_USER_PATHS = NO;
				ARCHS = "$(ARCHS_STANDARD_INCLUDING_64_BIT)";
				CLANG_CXX_LANGUAGE_STANDARD = "gnu++0x";
				CLANG_CXX_LIBRARY = "libc++";
				CLANG_ENABLE_MODULES = YES;
				CLANG_ENABLE_OBJC_ARC = YES;
				CLANG_WARN_BOOL_CONVERSION = YES;
				CLANG_WARN_CONSTANT_CONVERSION = YES;
				CLANG_WARN_DIRECT_OBJC_ISA_USAGE = YES_ERROR;
				CLANG_WARN_EMPTY_BODY = YES;
				CLANG_WARN_ENUM_CONVERSION = YES;
				CLANG_WARN_INT_CONVERSION = YES;
				CLANG_WARN_OBJC_ROOT_CLASS = YES_ERROR;
				CLANG_WARN__DUPLICATE_METHOD_MATCH = YES;
				"CODE_SIGN_IDENTITY[sdk=iphoneos*]" = "iPhone Developer";
				COPY_PHASE_STRIP = NO;
				GCC_C_LANGUAGE_STANDARD = gnu99;
				GCC_DYNAMIC_NO_PIC = NO;
				GCC_OPTIMIZATION_LEVEL = 0;
				GCC_PREPROCESSOR_DEFINITIONS = (
					"DEBUG=1",
					"$(inherited)",
				);
				GCC_SYMBOLS_PRIVATE_EXTERN = NO;
				GCC_WARN_64_TO_32_BIT_CONVERSION = YES;
				GCC_WARN_ABOUT_RETURN_TYPE = YES_ERROR;
				GCC_WARN_UNDECLARED_SELECTOR = YES;
				GCC_WARN_UNINITIALIZED_AUTOS = YES;
				GCC_WARN_UNUSED_FUNCTION = YES;
				GCC_WARN_UNUSED_VARIABLE = YES;
				IPHONEOS_DEPLOYMENT_TARGET = 7.0;
				ONLY_ACTIVE_ARCH = YES;
				SDKROOT = iphoneos;
			};
			name = Debug;
		};
		F16F959C1833DC2D002CA229 /* Release */ = {
			isa = XCBuildConfiguration;
			buildSettings = {
				ALWAYS_SEARCH_USER_PATHS = NO;
				ARCHS = "$(ARCHS_STANDARD_INCLUDING_64_BIT)";
				CLANG_CXX_LANGUAGE_STANDARD = "gnu++0x";
				CLANG_CXX_LIBRARY = "libc++";
				CLANG_ENABLE_MODULES = YES;
				CLANG_ENABLE_OBJC_ARC = YES;
				CLANG_WARN_BOOL_CONVERSION = YES;
				CLANG_WARN_CONSTANT_CONVERSION = YES;
				CLANG_WARN_DIRECT_OBJC_ISA_USAGE = YES_ERROR;
				CLANG_WARN_EMPTY_BODY = YES;
				CLANG_WARN_ENUM_CONVERSION = YES;
				CLANG_WARN_INT_CONVERSION = YES;
				CLANG_WARN_OBJC_ROOT_CLASS = YES_ERROR;
				CLANG_WARN__DUPLICATE_METHOD_MATCH = YES;
				"CODE_SIGN_IDENTITY[sdk=iphoneos*]" = "iPhone Developer";
				COPY_PHASE_STRIP = YES;
				ENABLE_NS_ASSERTIONS = NO;
				GCC_C_LANGUAGE_STANDARD = gnu99;
				GCC_WARN_64_TO_32_BIT_CONVERSION = YES;
				GCC_WARN_ABOUT_RETURN_TYPE = YES_ERROR;
				GCC_WARN_UNDECLARED_SELECTOR = YES;
				GCC_WARN_UNINITIALIZED_AUTOS = YES;
				GCC_WARN_UNUSED_FUNCTION = YES;
				GCC_WARN_UNUSED_VARIABLE = YES;
				IPHONEOS_DEPLOYMENT_TARGET = 7.0;
				SDKROOT = iphoneos;
				VALIDATE_PRODUCT = YES;
			};
			name = Release;
		};
		F16F959E1833DC2D002CA229 /* Debug */ = {
			isa = XCBuildConfiguration;
			buildSettings = {
				ASSETCATALOG_COMPILER_APPICON_NAME = AppIcon;
				ASSETCATALOG_COMPILER_LAUNCHIMAGE_NAME = LaunchImage;
				GCC_PRECOMPILE_PREFIX_HEADER = YES;
				GCC_PREFIX_HEADER = "WebViewPreloader/WebViewPreloader-Prefix.pch";
				INFOPLIST_FILE = "WebViewPreloader/WebViewPreloader-Info.plist";
				PRODUCT_NAME = "$(TARGET_NAME)";
				WRAPPER_EXTENSION = app;
			};
			name = Debug;
		};
		F16F959F1833DC2D002CA229 /* Release */ = {
			isa = XCBuildConfiguration;
			buildSettings = {
				ASSETCATALOG_COMPILER_APPICON_NAME = AppIcon;
				ASSETCATALOG_COMPILER_LAUNCHIMAGE_NAME = LaunchImage;
				GCC_PRECOMPILE_PREFIX_HEADER = YES;
				GCC_PREFIX_HEADER = "WebViewPreloader/WebViewPreloader-Prefix.pch";
				INFOPLIST_FILE = "WebViewPreloader/WebViewPreloader-Info.plist";
				PRODUCT_NAME = "$(TARGET_NAME)";
				WRAPPER_EXTENSION = app;
			};
			name = Release;
		};
		F16F95A11833DC2D002CA229 /* Debug */ = {
			isa = XCBuildConfiguration;
			buildSettings = {
				ARCHS = "$(ARCHS_STANDARD_INCLUDING_64_BIT)";
				BUNDLE_LOADER = "$(BUILT_PRODUCTS_DIR)/WebViewPreloader.app/WebViewPreloader";
				FRAMEWORK_SEARCH_PATHS = (
					"$(SDKROOT)/Developer/Library/Frameworks",
					"$(inherited)",
					"$(DEVELOPER_FRAMEWORKS_DIR)",
				);
				GCC_PRECOMPILE_PREFIX_HEADER = YES;
				GCC_PREFIX_HEADER = "WebViewPreloader/WebViewPreloader-Prefix.pch";
				GCC_PREPROCESSOR_DEFINITIONS = (
					"DEBUG=1",
					"$(inherited)",
				);
				INFOPLIST_FILE = "WebViewPreloaderTests/WebViewPreloaderTests-Info.plist";
				PRODUCT_NAME = "$(TARGET_NAME)";
				TEST_HOST = "$(BUNDLE_LOADER)";
				WRAPPER_EXTENSION = xctest;
			};
			name = Debug;
		};
		F16F95A21833DC2D002CA229 /* Release */ = {
			isa = XCBuildConfiguration;
			buildSettings = {
				ARCHS = "$(ARCHS_STANDARD_INCLUDING_64_BIT)";
				BUNDLE_LOADER = "$(BUILT_PRODUCTS_DIR)/WebViewPreloader.app/WebViewPreloader";
				FRAMEWORK_SEARCH_PATHS = (
					"$(SDKROOT)/Developer/Library/Frameworks",
					"$(inherited)",
					"$(DEVELOPER_FRAMEWORKS_DIR)",
				);
				GCC_PRECOMPILE_PREFIX_HEADER = YES;
				GCC_PREFIX_HEADER = "WebViewPreloader/WebViewPreloader-Prefix.pch";
				INFOPLIST_FILE = "WebViewPreloaderTests/WebViewPreloaderTests-Info.plist";
				PRODUCT_NAME = "$(TARGET_NAME)";
				TEST_HOST = "$(BUNDLE_LOADER)";
				WRAPPER_EXTENSION = xctest;
			};
			name = Release;
		};
/* End XCBuildConfiguration section */

/* Begin XCConfigurationList section */
		F16F956C1833DC2D002CA229 /* Build configuration list for PBXProject "WebViewPreloader" */ = {
			isa = XCConfigurationList;
			buildConfigurations = (
				F16F959B1833DC2D002CA229 /* Debug */,
				F16F959C1833DC2D002CA229 /* Release */,
			);
			defaultConfigurationIsVisible = 0;
			defaultConfigurationName = Release;
		};
		F16F959D1833DC2D002CA229 /* Build configuration list for PBXNativeTarget "WebViewPreloader" */ = {
			isa = XCConfigurationList;
			buildConfigurations = (
				F16F959E1833DC2D002CA229 /* Debug */,
				F16F959F1833DC2D002CA229 /* Release */,
			);
			defaultConfigurationIsVisible = 0;
			defaultConfigurationName = Release;
		};
		F16F95A01833DC2D002CA229 /* Build configuration list for PBXNativeTarget "WebViewPreloaderTests" */ = {
			isa = XCConfigurationList;
			buildConfigurations = (
				F16F95A11833DC2D002CA229 /* Debug */,
				F16F95A21833DC2D002CA229 /* Release */,
			);
			defaultConfigurationIsVisible = 0;
			defaultConfigurationName = Release;
		};
/* End XCConfigurationList section */
	};
	rootObject = F16F95691833DC2D002CA229 /* Project object */;
}
